<?xml version="1.0" encoding="utf-8"?>
<Project ToolsVersion="4.0" xmlns="http://schemas.microsoft.com/developer/msbuild/2003">
  <ItemGroup>
    <Filter Include="Common">
      <UniqueIdentifier>ecd5c287-3f17-46f0-bbd3-d0efeb4d476a</UniqueIdentifier>
    </Filter>
    <Filter Include="Assets">
      <UniqueIdentifier>195d573d-c2f4-4327-a593-6ff8b5d127fc</UniqueIdentifier>
      <Extensions>ico;cur;bmp;dds;dlg;fbx;rct;bin;rgs;gif;jpg;jpeg;jpe;resx;tga;tiff;tif;png;wav;mfcribbon-ms</Extensions>
    </Filter>
    <Filter Include="ImGui">
      <UniqueIdentifier>{0862a586-55de-4443-b305-edd3ff90e61a}</UniqueIdentifier>
    </Filter>
    <Filter Include="Rendering">
      <UniqueIdentifier>{a2d7fb87-a952-4f29-a9e2-bba2009a9163}</UniqueIdentifier>
    </Filter>
    <Filter Include="Shaders">
      <UniqueIdentifier>{ff84de43-b24c-434e-9c72-8f0a9163ceae}</UniqueIdentifier>
    </Filter>
  </ItemGroup>
  <ItemGroup>
    <ClInclude Include="pch.h" />
    <ClInclude Include="Game.h" />
    <ClInclude Include="StepTimer.h">
      <Filter>Common</Filter>
    </ClInclude>
    <ClInclude Include="DeviceResources.h">
      <Filter>Common</Filter>
    </ClInclude>
    <ClInclude Include="imgui.h">
      <Filter>ImGui</Filter>
    </ClInclude>
    <ClInclude Include="imgui_impl_dx11.h">
      <Filter>ImGui</Filter>
    </ClInclude>
    <ClInclude Include="imconfig.h">
      <Filter>ImGui</Filter>
    </ClInclude>
    <ClInclude Include="imgui_internal.h">
      <Filter>ImGui</Filter>
    </ClInclude>
    <ClInclude Include="imstb_rectpack.h">
      <Filter>ImGui</Filter>
    </ClInclude>
    <ClInclude Include="imstb_textedit.h">
      <Filter>ImGui</Filter>
    </ClInclude>
    <ClInclude Include="imstb_truetype.h">
      <Filter>ImGui</Filter>
    </ClInclude>
    <ClInclude Include="imgui_impl_win32.h">
      <Filter>ImGui</Filter>
    </ClInclude>
    <ClInclude Include="Camera.h">
      <Filter>Rendering</Filter>
    </ClInclude>
    <ClInclude Include="Light.h">
      <Filter>Rendering</Filter>
    </ClInclude>
    <ClInclude Include="AudioModule.h">
      <Filter>Common</Filter>
    </ClInclude>
    <ClInclude Include="InputSystem.h">
      <Filter>Common</Filter>
    </ClInclude>
    <ClInclude Include="ReadData.h">
      <Filter>Common</Filter>
    </ClInclude>
    <ClInclude Include="Skydome.h">
      <Filter>Rendering</Filter>
    </ClInclude>
    <ClInclude Include="Terrain.h">
      <Filter>Rendering</Filter>
    </ClInclude>
    <ClInclude Include="SkydomeShader.h">
      <Filter>Shaders</Filter>
    </ClInclude>
    <ClInclude Include="TerrainShader.h">
      <Filter>Shaders</Filter>
    </ClInclude>
  </ItemGroup>
  <ItemGroup>
    <ClCompile Include="pch.cpp" />
    <ClCompile Include="Game.cpp" />
    <ClCompile Include="Main.cpp" />
    <ClCompile Include="DeviceResources.cpp">
      <Filter>Common</Filter>
    </ClCompile>
    <ClCompile Include="imgui.cpp">
      <Filter>ImGui</Filter>
    </ClCompile>
    <ClCompile Include="imgui_impl_dx11.cpp">
      <Filter>ImGui</Filter>
    </ClCompile>
    <ClCompile Include="imgui_demo.cpp">
      <Filter>ImGui</Filter>
    </ClCompile>
    <ClCompile Include="imgui_draw.cpp">
      <Filter>ImGui</Filter>
    </ClCompile>
    <ClCompile Include="imgui_impl_win32.cpp">
      <Filter>ImGui</Filter>
    </ClCompile>
    <ClCompile Include="imgui_widgets.cpp">
      <Filter>ImGui</Filter>
    </ClCompile>
    <ClCompile Include="Camera.cpp">
      <Filter>Rendering</Filter>
    </ClCompile>
    <ClCompile Include="Light.cpp">
      <Filter>Rendering</Filter>
    </ClCompile>
    <ClCompile Include="AudioModule.cpp">
      <Filter>Common</Filter>
    </ClCompile>
    <ClCompile Include="InputSystem.cpp">
      <Filter>Common</Filter>
    </ClCompile>
    <ClCompile Include="Skydome.cpp">
      <Filter>Rendering</Filter>
    </ClCompile>
    <ClCompile Include="Terrain.cpp">
      <Filter>Rendering</Filter>
    </ClCompile>
    <ClCompile Include="SkydomeShader.cpp">
      <Filter>Shaders</Filter>
    </ClCompile>
    <ClCompile Include="TerrainShader.cpp">
      <Filter>Shaders</Filter>
    </ClCompile>
  </ItemGroup>
  <ItemGroup>
    <ResourceCompile Include="resource.rc" />
  </ItemGroup>
  <ItemGroup>
    <Image Include="directx.ico">
      <Filter>Assets</Filter>
    </Image>
    <Image Include="Assets\grass.dds">
      <Filter>Assets</Filter>
    </Image>
  </ItemGroup>
  <ItemGroup>
    <Manifest Include="settings.manifest">
      <Filter>Assets</Filter>
    </Manifest>
  </ItemGroup>
  <ItemGroup>
    <None Include="packages.config" />
    <None Include="skydome_ps.hlsl">
      <Filter>Shaders</Filter>
    </None>
    <None Include="skydome_vs.hlsl">
      <Filter>Shaders</Filter>
    </None>
  </ItemGroup>
  <ItemGroup>
    <FxCompile Include="light_ps.hlsl">
      <Filter>Shaders</Filter>
    </FxCompile>
    <FxCompile Include="light_vs.hlsl">
      <Filter>Shaders</Filter>
    </FxCompile>
  </ItemGroup>
  <ItemGroup>
    <Text Include="Assets\skydome.txt">
      <Filter>Assets</Filter>
    </Text>
  </ItemGroup>
</Project>